
Microsoft Visual Studio Solution File, Format Version 12.00
# Visual Studio 2012
Project("{FAE04EC0-301F-11D3-BF4B-00C04F79EFBC}") = "UI", "UI\UI.csproj", "{C73664F7-1353-4A15-A397-646841EF9CD4}"
EndProject
Project("{FAE04EC0-301F-11D3-BF4B-00C04F79EFBC}") = "UI.Tests", "UI.Tests\UI.Tests.csproj", "{F736E476-227F-4175-8879-DCABBC5E5F0B}"
EndProject
Global
	GlobalSection(SolutionConfigurationPlatforms) = preSolution
		Debug|Any CPU = Debug|Any CPU
		Release|Any CPU = Release|Any CPU
	EndGlobalSection
	GlobalSection(ProjectConfigurationPlatforms) = postSolution
		{C73664F7-1353-4A15-A397-646841EF9CD4}.Debug|Any CPU.ActiveCfg = Debug|Any CPU
		{C73664F7-1353-4A15-A397-646841EF9CD4}.Debug|Any CPU.Build.0 = Debug|Any CPU
		{C73664F7-1353-4A15-A397-646841EF9CD4}.Release|Any CPU.ActiveCfg = Release|Any CPU
		{C73664F7-1353-4A15-A397-646841EF9CD4}.Release|Any CPU.Build.0 = Release|Any CPU
		{F736E476-227F-4175-8879-DCABBC5E5F0B}.Debug|Any CPU.ActiveCfg = Debug|Any CPU
		{F736E476-227F-4175-8879-DCABBC5E5F0B}.Debug|Any CPU.Build.0 = Debug|Any CPU
		{F736E476-227F-4175-8879-DCABBC5E5F0B}.Release|Any CPU.ActiveCfg = Release|Any CPU
		{F736E476-227F-4175-8879-DCABBC5E5F0B}.Release|Any CPU.Build.0 = Release|Any CPU
	EndGlobalSection
	GlobalSection(SolutionProperties) = preSolution
		HideSolutionNode = FALSE
	EndGlobalSection
EndGlobal
